
Microsoft Visual Studio Solution File, Format Version 12.00
# Visual Studio 15
VisualStudioVersion = 15.0.28010.2036
MinimumVisualStudioVersion = 10.0.40219.1
Project("{FAE04EC0-301F-11D3-BF4B-00C04F79EFBC}") = "TestGitHub", "TestGitHub\TestGitHub.csproj", "{C0B91438-4A48-4815-A080-9A1615280893}"
EndProject
Project("{FAE04EC0-301F-11D3-BF4B-00C04F79EFBC}") = "TestGitHub.Tests", "TestGitHub.Tests\TestGitHub.Tests.csproj", "{C23379B6-D80B-496D-9FEB-54F7E0BC9CF2}"
EndProject
Global
	GlobalSection(SolutionConfigurationPlatforms) = preSolution
		Debug|Any CPU = Debug|Any CPU
		Release|Any CPU = Release|Any CPU
	EndGlobalSection
	GlobalSection(ProjectConfigurationPlatforms) = postSolution
		{C0B91438-4A48-4815-A080-9A1615280893}.Debug|Any CPU.ActiveCfg = Debug|Any CPU
		{C0B91438-4A48-4815-A080-9A1615280893}.Debug|Any CPU.Build.0 = Debug|Any CPU
		{C0B91438-4A48-4815-A080-9A1615280893}.Release|Any CPU.ActiveCfg = Release|Any CPU
		{C0B91438-4A48-4815-A080-9A1615280893}.Release|Any CPU.Build.0 = Release|Any CPU
		{C23379B6-D80B-496D-9FEB-54F7E0BC9CF2}.Debug|Any CPU.ActiveCfg = Debug|Any CPU
		{C23379B6-D80B-496D-9FEB-54F7E0BC9CF2}.Debug|Any CPU.Build.0 = Debug|Any CPU
		{C23379B6-D80B-496D-9FEB-54F7E0BC9CF2}.Release|Any CPU.ActiveCfg = Release|Any CPU
		{C23379B6-D80B-496D-9FEB-54F7E0BC9CF2}.Release|Any CPU.Build.0 = Release|Any CPU
	EndGlobalSection
	GlobalSection(SolutionProperties) = preSolution
		HideSolutionNode = FALSE
	EndGlobalSection
	GlobalSection(ExtensibilityGlobals) = postSolution
		SolutionGuid = {BAC36953-BAFC-4977-A97B-9F82B14B8059}
	EndGlobalSection
EndGlobal
